
Microsoft Visual Studio Solution File, Format Version 12.00
# Visual Studio Version 17
VisualStudioVersion = 17.9.34622.214
MinimumVisualStudioVersion = 10.0.40219.1
Project("{FAE04EC0-301F-11D3-BF4B-00C04F79EFBC}") = "Restaurant_Management", "WindowsFormsApp3\Restaurant_Management.csproj", "{9068A84A-7F43-451C-9D85-B5ACEF9004EC}"
EndProject
Global
	GlobalSection(SolutionConfigurationPlatforms) = preSolution
		Debug|Any CPU = Debug|Any CPU
		Release|Any CPU = Release|Any CPU
	EndGlobalSection
	GlobalSection(ProjectConfigurationPlatforms) = postSolution
		{9068A84A-7F43-451C-9D85-B5ACEF9004EC}.Debug|Any CPU.ActiveCfg = Debug|Any CPU
		{9068A84A-7F43-451C-9D85-B5ACEF9004EC}.Debug|Any CPU.Build.0 = Debug|Any CPU
		{9068A84A-7F43-451C-9D85-B5ACEF9004EC}.Release|Any CPU.ActiveCfg = Release|Any CPU
		{9068A84A-7F43-451C-9D85-B5ACEF9004EC}.Release|Any CPU.Build.0 = Release|Any CPU
	EndGlobalSection
	GlobalSection(SolutionProperties) = preSolution
		HideSolutionNode = FALSE
	EndGlobalSection
	GlobalSection(ExtensibilityGlobals) = postSolution
		SolutionGuid = {86F50E71-96FC-4045-AA7D-6CEF938862CF}
	EndGlobalSection
EndGlobal
