
Microsoft Visual Studio Solution File, Format Version 12.00
# Visual Studio Version 17
VisualStudioVersion = 17.9.34622.214
MinimumVisualStudioVersion = 10.0.40219.1
Project("{FAE04EC0-301F-11D3-BF4B-00C04F79EFBC}") = "Restaurant_Management.App", "WindowsFormsApp3\Restaurant_Management.App.csproj", "{9068A84A-7F43-451C-9D85-B5ACEF9004EC}"
EndProject
Project("{FAE04EC0-301F-11D3-BF4B-00C04F79EFBC}") = "Restaurant_Management.DataLayer", "Restaurant_Management.DataLayer\Restaurant_Management.DataLayer.csproj", "{74D22DC1-8673-4E94-A512-24149D9C81EF}"
EndProject
Project("{FAE04EC0-301F-11D3-BF4B-00C04F79EFBC}") = "Restaurant_Management.Business", "Restaurant_Management.Business\Restaurant_Management.Business.csproj", "{351928FC-04C1-4278-9878-4368DFD7505F}"
EndProject
Project("{FAE04EC0-301F-11D3-BF4B-00C04F79EFBC}") = "Restaurant_Management.Utility", "Restaurant_Management.Utility\Restaurant_Management.Utility.csproj", "{82BF2BA1-6AA0-4643-8BEF-1811F8EAFDAA}"
EndProject
Project("{FAE04EC0-301F-11D3-BF4B-00C04F79EFBC}") = "Restaurant_Management.ViewModel", "Restaurant_Management.ViewModel\Restaurant_Management.ViewModel.csproj", "{9F27E819-ADAE-4FD9-A5CA-C1BACD88EE58}"
EndProject
Global
	GlobalSection(SolutionConfigurationPlatforms) = preSolution
		Debug|Any CPU = Debug|Any CPU
		Release|Any CPU = Release|Any CPU
	EndGlobalSection
	GlobalSection(ProjectConfigurationPlatforms) = postSolution
		{9068A84A-7F43-451C-9D85-B5ACEF9004EC}.Debug|Any CPU.ActiveCfg = Debug|Any CPU
		{9068A84A-7F43-451C-9D85-B5ACEF9004EC}.Debug|Any CPU.Build.0 = Debug|Any CPU
		{9068A84A-7F43-451C-9D85-B5ACEF9004EC}.Release|Any CPU.ActiveCfg = Release|Any CPU
		{9068A84A-7F43-451C-9D85-B5ACEF9004EC}.Release|Any CPU.Build.0 = Release|Any CPU
		{74D22DC1-8673-4E94-A512-24149D9C81EF}.Debug|Any CPU.ActiveCfg = Debug|Any CPU
		{74D22DC1-8673-4E94-A512-24149D9C81EF}.Debug|Any CPU.Build.0 = Debug|Any CPU
		{74D22DC1-8673-4E94-A512-24149D9C81EF}.Release|Any CPU.ActiveCfg = Release|Any CPU
		{74D22DC1-8673-4E94-A512-24149D9C81EF}.Release|Any CPU.Build.0 = Release|Any CPU
		{351928FC-04C1-4278-9878-4368DFD7505F}.Debug|Any CPU.ActiveCfg = Debug|Any CPU
		{351928FC-04C1-4278-9878-4368DFD7505F}.Debug|Any CPU.Build.0 = Debug|Any CPU
		{351928FC-04C1-4278-9878-4368DFD7505F}.Release|Any CPU.ActiveCfg = Release|Any CPU
		{351928FC-04C1-4278-9878-4368DFD7505F}.Release|Any CPU.Build.0 = Release|Any CPU
		{82BF2BA1-6AA0-4643-8BEF-1811F8EAFDAA}.Debug|Any CPU.ActiveCfg = Debug|Any CPU
		{82BF2BA1-6AA0-4643-8BEF-1811F8EAFDAA}.Debug|Any CPU.Build.0 = Debug|Any CPU
		{82BF2BA1-6AA0-4643-8BEF-1811F8EAFDAA}.Release|Any CPU.ActiveCfg = Release|Any CPU
		{82BF2BA1-6AA0-4643-8BEF-1811F8EAFDAA}.Release|Any CPU.Build.0 = Release|Any CPU
		{9F27E819-ADAE-4FD9-A5CA-C1BACD88EE58}.Debug|Any CPU.ActiveCfg = Debug|Any CPU
		{9F27E819-ADAE-4FD9-A5CA-C1BACD88EE58}.Debug|Any CPU.Build.0 = Debug|Any CPU
		{9F27E819-ADAE-4FD9-A5CA-C1BACD88EE58}.Release|Any CPU.ActiveCfg = Release|Any CPU
		{9F27E819-ADAE-4FD9-A5CA-C1BACD88EE58}.Release|Any CPU.Build.0 = Release|Any CPU
	EndGlobalSection
	GlobalSection(SolutionProperties) = preSolution
		HideSolutionNode = FALSE
	EndGlobalSection
	GlobalSection(ExtensibilityGlobals) = postSolution
		SolutionGuid = {86F50E71-96FC-4045-AA7D-6CEF938862CF}
	EndGlobalSection
EndGlobal
